// !$*UTF8*$!
{
	archiveVersion = 1;
	classes = {
	};
	objectVersion = 46;
	objects = {

/* Begin PBXFileReference section */
		0D0B94A718B18F9A0066A422 /* census.csv */ = {isa = PBXFileReference; fileEncoding = 4; lastKnownFileType = text; path = census.csv; sourceTree = "<group>"; };
		0D0B94A818B18F9A0066A422 /* census.conf */ = {isa = PBXFileReference; fileEncoding = 4; lastKnownFileType = text; path = census.conf; sourceTree = "<group>"; };
		0DDFA7F518B08AF6005D94D0 /* doxygen.conf */ = {isa = PBXFileReference; fileEncoding = 4; lastKnownFileType = text; path = doxygen.conf; sourceTree = "<group>"; };
		0DDFA7F618B08AF6005D94D0 /* Makefile */ = {isa = PBXFileReference; fileEncoding = 4; lastKnownFileType = sourcecode.make; path = Makefile; sourceTree = "<group>"; };
		0DDFA7F718B08AF6005D94D0 /* Makefile */ = {isa = PBXFileReference; fileEncoding = 4; lastKnownFileType = sourcecode.make; path = Makefile; sourceTree = "<group>"; };
		0DDFA7F918B08AF6005D94D0 /* client.c */ = {isa = PBXFileReference; fileEncoding = 4; lastKnownFileType = sourcecode.c.c; path = client.c; sourceTree = "<group>"; };
		0DDFA7FA18B08AF6005D94D0 /* default.conf */ = {isa = PBXFileReference; fileEncoding = 4; lastKnownFileType = text; path = default.conf; sourceTree = "<group>"; };
		0DDFA7FB18B08AF6005D94D0 /* encrypt_passwd.c */ = {isa = PBXFileReference; fileEncoding = 4; lastKnownFileType = sourcecode.c.c; path = encrypt_passwd.c; sourceTree = "<group>"; };
		0DDFA7FC18B08AF6005D94D0 /* Makefile */ = {isa = PBXFileReference; fileEncoding = 4; lastKnownFileType = sourcecode.make; path = Makefile; sourceTree = "<group>"; };
		0DDFA7FD18B08AF6005D94D0 /* server.c */ = {isa = PBXFileReference; fileEncoding = 4; lastKnownFileType = sourcecode.c.c; path = server.c; sourceTree = "<group>"; };
		0DDFA7FE18B08AF6005D94D0 /* storage.c */ = {isa = PBXFileReference; fileEncoding = 4; lastKnownFileType = sourcecode.c.c; path = storage.c; sourceTree = "<group>"; };
		0DDFA7FF18B08AF6005D94D0 /* storage.h */ = {isa = PBXFileReference; fileEncoding = 4; lastKnownFileType = sourcecode.c.h; path = storage.h; sourceTree = "<group>"; };
		0DDFA80018B08AF6005D94D0 /* utils.c */ = {isa = PBXFileReference; fileEncoding = 4; lastKnownFileType = sourcecode.c.c; path = utils.c; sourceTree = "<group>"; };
		0DDFA80118B08AF6005D94D0 /* utils.h */ = {isa = PBXFileReference; fileEncoding = 4; lastKnownFileType = sourcecode.c.h; path = utils.h; sourceTree = "<group>"; };
		0DDFA80418B08AF6005D94D0 /* conf-duplicateport.conf */ = {isa = PBXFileReference; fileEncoding = 4; lastKnownFileType = text; path = "conf-duplicateport.conf"; sourceTree = "<group>"; };
		0DDFA80518B08AF6005D94D0 /* conf-onetable.conf */ = {isa = PBXFileReference; fileEncoding = 4; lastKnownFileType = text; path = "conf-onetable.conf"; sourceTree = "<group>"; };
		0DDFA80618B08AF6005D94D0 /* conf-threetables.conf */ = {isa = PBXFileReference; fileEncoding = 4; lastKnownFileType = text; path = "conf-threetables.conf"; sourceTree = "<group>"; };
		0DDFA80718B08AF6005D94D0 /* conf-twotables.conf */ = {isa = PBXFileReference; fileEncoding = 4; lastKnownFileType = text; path = "conf-twotables.conf"; sourceTree = "<group>"; };
		0DDFA80818B08AF6005D94D0 /* main.c */ = {isa = PBXFileReference; fileEncoding = 4; lastKnownFileType = sourcecode.c.c; path = main.c; sourceTree = "<group>"; };
		0DDFA80918B08AF6005D94D0 /* Makefile */ = {isa = PBXFileReference; fileEncoding = 4; lastKnownFileType = sourcecode.make; path = Makefile; sourceTree = "<group>"; };
		0DDFA80A18B08AF6005D94D0 /* md5sum.check */ = {isa = PBXFileReference; fileEncoding = 4; lastKnownFileType = text; path = md5sum.check; sourceTree = "<group>"; };
		0DDFA80B18B08AF6005D94D0 /* Makefile */ = {isa = PBXFileReference; fileEncoding = 4; lastKnownFileType = sourcecode.make; path = Makefile; sourceTree = "<group>"; };
		0DDFA80C18B08AF6005D94D0 /* Makefile.common */ = {isa = PBXFileReference; fileEncoding = 4; lastKnownFileType = text; path = Makefile.common; sourceTree = "<group>"; };
/* End PBXFileReference section */

/* Begin PBXGroup section */
		0D0B94A618B18F3A0066A422 /* data */ = {
			isa = PBXGroup;
			children = (
				0D0B94A718B18F9A0066A422 /* census.csv */,
				0D0B94A818B18F9A0066A422 /* census.conf */,
			);
			path = data;
			sourceTree = "<group>";
		};
		0DDFA7E618B08AD7005D94D0 = {
			isa = PBXGroup;
			children = (
				0DDFA7F118B08AF6005D94D0 /* svnroot */,
			);
			sourceTree = "<group>";
		};
		0DDFA7F118B08AF6005D94D0 /* svnroot */ = {
			isa = PBXGroup;
			children = (
				0DDFA7F218B08AF6005D94D0 /* trunk */,
			);
			path = svnroot;
			sourceTree = "<group>";
		};
		0DDFA7F218B08AF6005D94D0 /* trunk */ = {
			isa = PBXGroup;
			children = (
				0DDFA7F318B08AF6005D94D0 /* storage */,
			);
			path = trunk;
			sourceTree = "<group>";
		};
		0DDFA7F318B08AF6005D94D0 /* storage */ = {
			isa = PBXGroup;
			children = (
				0D0B94A618B18F3A0066A422 /* data */,
				0DDFA7F418B08AF6005D94D0 /* doc */,
				0DDFA7F718B08AF6005D94D0 /* Makefile */,
				0DDFA7F818B08AF6005D94D0 /* src */,
				0DDFA80218B08AF6005D94D0 /* test */,
			);
			path = storage;
			sourceTree = "<group>";
		};
		0DDFA7F418B08AF6005D94D0 /* doc */ = {
			isa = PBXGroup;
			children = (
				0DDFA7F518B08AF6005D94D0 /* doxygen.conf */,
				0DDFA7F618B08AF6005D94D0 /* Makefile */,
			);
			path = doc;
			sourceTree = "<group>";
		};
		0DDFA7F818B08AF6005D94D0 /* src */ = {
			isa = PBXGroup;
			children = (
				0DDFA7F918B08AF6005D94D0 /* client.c */,
				0DDFA7FA18B08AF6005D94D0 /* default.conf */,
				0DDFA7FB18B08AF6005D94D0 /* encrypt_passwd.c */,
				0DDFA7FC18B08AF6005D94D0 /* Makefile */,
				0DDFA7FD18B08AF6005D94D0 /* server.c */,
				0DDFA7FE18B08AF6005D94D0 /* storage.c */,
				0DDFA7FF18B08AF6005D94D0 /* storage.h */,
				0DDFA80018B08AF6005D94D0 /* utils.c */,
				0DDFA80118B08AF6005D94D0 /* utils.h */,
			);
			path = src;
			sourceTree = "<group>";
		};
		0DDFA80218B08AF6005D94D0 /* test */ = {
			isa = PBXGroup;
			children = (
				0DDFA80318B08AF6005D94D0 /* a1-partial */,
				0DDFA80B18B08AF6005D94D0 /* Makefile */,
				0DDFA80C18B08AF6005D94D0 /* Makefile.common */,
			);
			path = test;
			sourceTree = "<group>";
		};
		0DDFA80318B08AF6005D94D0 /* a1-partial */ = {
			isa = PBXGroup;
			children = (
				0DDFA80418B08AF6005D94D0 /* conf-duplicateport.conf */,
				0DDFA80518B08AF6005D94D0 /* conf-onetable.conf */,
				0DDFA80618B08AF6005D94D0 /* conf-threetables.conf */,
				0DDFA80718B08AF6005D94D0 /* conf-twotables.conf */,
				0DDFA80818B08AF6005D94D0 /* main.c */,
				0DDFA80918B08AF6005D94D0 /* Makefile */,
				0DDFA80A18B08AF6005D94D0 /* md5sum.check */,
			);
			path = "a1-partial";
			sourceTree = "<group>";
		};
/* End PBXGroup section */

/* Begin PBXLegacyTarget section */
		0DDFA7EB18B08AD7005D94D0 /* ghj */ = {
			isa = PBXLegacyTarget;
			buildArgumentsString = "$(ACTION)";
			buildConfigurationList = 0DDFA7EE18B08AD7005D94D0 /* Build configuration list for PBXLegacyTarget "ghj" */;
			buildPhases = (
			);
			buildToolPath = /usr/bin/make;
			dependencies = (
			);
			name = ghj;
			passBuildSettingsInEnvironment = 1;
			productName = ghj;
		};
/* End PBXLegacyTarget section */

/* Begin PBXProject section */
		0DDFA7E718B08AD7005D94D0 /* Project object */ = {
			isa = PBXProject;
			attributes = {
				LastUpgradeCheck = 0500;
				ORGANIZATIONNAME = "Vaibhav Vijay";
			};
			buildConfigurationList = 0DDFA7EA18B08AD7005D94D0 /* Build configuration list for PBXProject "storage" */;
			compatibilityVersion = "Xcode 3.2";
			developmentRegion = English;
			hasScannedForEncodings = 0;
			knownRegions = (
				en,
			);
			mainGroup = 0DDFA7E618B08AD7005D94D0;
			projectDirPath = "";
			projectRoot = "";
			targets = (
				0DDFA7EB18B08AD7005D94D0 /* ghj */,
			);
		};
/* End PBXProject section */

/* Begin XCBuildConfiguration section */
		0DDFA7EC18B08AD7005D94D0 /* Debug */ = {
			isa = XCBuildConfiguration;
			buildSettings = {
				ALWAYS_SEARCH_USER_PATHS = NO;
				CLANG_CXX_LANGUAGE_STANDARD = "gnu++0x";
				CLANG_CXX_LIBRARY = "libc++";
				CLANG_ENABLE_OBJC_ARC = YES;
				CLANG_WARN_BOOL_CONVERSION = YES;
				CLANG_WARN_CONSTANT_CONVERSION = YES;
				CLANG_WARN_DIRECT_OBJC_ISA_USAGE = YES_ERROR;
				CLANG_WARN_EMPTY_BODY = YES;
				CLANG_WARN_ENUM_CONVERSION = YES;
				CLANG_WARN_INT_CONVERSION = YES;
				CLANG_WARN_OBJC_ROOT_CLASS = YES_ERROR;
				CLANG_WARN__DUPLICATE_METHOD_MATCH = YES;
				COPY_PHASE_STRIP = NO;
				GCC_C_LANGUAGE_STANDARD = gnu99;
				GCC_DYNAMIC_NO_PIC = NO;
				GCC_ENABLE_OBJC_EXCEPTIONS = YES;
				GCC_OPTIMIZATION_LEVEL = 0;
				GCC_PREPROCESSOR_DEFINITIONS = (
					"DEBUG=1",
					"$(inherited)",
				);
				GCC_SYMBOLS_PRIVATE_EXTERN = NO;
				GCC_WARN_64_TO_32_BIT_CONVERSION = YES;
				GCC_WARN_ABOUT_RETURN_TYPE = YES_ERROR;
				GCC_WARN_UNDECLARED_SELECTOR = YES;
				GCC_WARN_UNINITIALIZED_AUTOS = YES;
				GCC_WARN_UNUSED_FUNCTION = YES;
				GCC_WARN_UNUSED_VARIABLE = YES;
				MACOSX_DEPLOYMENT_TARGET = 10.9;
				ONLY_ACTIVE_ARCH = YES;
				SDKROOT = macosx;
			};
			name = Debug;
		};
		0DDFA7ED18B08AD7005D94D0 /* Release */ = {
			isa = XCBuildConfiguration;
			buildSettings = {
				ALWAYS_SEARCH_USER_PATHS = NO;
				CLANG_CXX_LANGUAGE_STANDARD = "gnu++0x";
				CLANG_CXX_LIBRARY = "libc++";
				CLANG_ENABLE_OBJC_ARC = YES;
				CLANG_WARN_BOOL_CONVERSION = YES;
				CLANG_WARN_CONSTANT_CONVERSION = YES;
				CLANG_WARN_DIRECT_OBJC_ISA_USAGE = YES_ERROR;
				CLANG_WARN_EMPTY_BODY = YES;
				CLANG_WARN_ENUM_CONVERSION = YES;
				CLANG_WARN_INT_CONVERSION = YES;
				CLANG_WARN_OBJC_ROOT_CLASS = YES_ERROR;
				CLANG_WARN__DUPLICATE_METHOD_MATCH = YES;
				COPY_PHASE_STRIP = YES;
				DEBUG_INFORMATION_FORMAT = "dwarf-with-dsym";
				ENABLE_NS_ASSERTIONS = NO;
				GCC_C_LANGUAGE_STANDARD = gnu99;
				GCC_ENABLE_OBJC_EXCEPTIONS = YES;
				GCC_WARN_64_TO_32_BIT_CONVERSION = YES;
				GCC_WARN_ABOUT_RETURN_TYPE = YES_ERROR;
				GCC_WARN_UNDECLARED_SELECTOR = YES;
				GCC_WARN_UNINITIALIZED_AUTOS = YES;
				GCC_WARN_UNUSED_FUNCTION = YES;
				GCC_WARN_UNUSED_VARIABLE = YES;
				MACOSX_DEPLOYMENT_TARGET = 10.9;
				SDKROOT = macosx;
			};
			name = Release;
		};
		0DDFA7EF18B08AD7005D94D0 /* Debug */ = {
			isa = XCBuildConfiguration;
			buildSettings = {
				DEBUGGING_SYMBOLS = YES;
				GCC_GENERATE_DEBUGGING_SYMBOLS = YES;
				GCC_OPTIMIZATION_LEVEL = 0;
				OTHER_CFLAGS = "";
				OTHER_LDFLAGS = "";
				PRODUCT_NAME = "$(TARGET_NAME)";
			};
			name = Debug;
		};
		0DDFA7F018B08AD7005D94D0 /* Release */ = {
			isa = XCBuildConfiguration;
			buildSettings = {
				OTHER_CFLAGS = "";
				OTHER_LDFLAGS = "";
				PRODUCT_NAME = "$(TARGET_NAME)";
			};
			name = Release;
		};
/* End XCBuildConfiguration section */

/* Begin XCConfigurationList section */
		0DDFA7EA18B08AD7005D94D0 /* Build configuration list for PBXProject "storage" */ = {
			isa = XCConfigurationList;
			buildConfigurations = (
				0DDFA7EC18B08AD7005D94D0 /* Debug */,
				0DDFA7ED18B08AD7005D94D0 /* Release */,
			);
			defaultConfigurationIsVisible = 0;
			defaultConfigurationName = Release;
		};
		0DDFA7EE18B08AD7005D94D0 /* Build configuration list for PBXLegacyTarget "ghj" */ = {
			isa = XCConfigurationList;
			buildConfigurations = (
				0DDFA7EF18B08AD7005D94D0 /* Debug */,
				0DDFA7F018B08AD7005D94D0 /* Release */,
			);
			defaultConfigurationIsVisible = 0;
			defaultConfigurationName = Release;
		};
/* End XCConfigurationList section */
	};
	rootObject = 0DDFA7E718B08AD7005D94D0 /* Project object */;
}
